
Microsoft Visual Studio Solution File, Format Version 12.00
# Visual Studio Version 16
VisualStudioVersion = 16.0.33027.164
MinimumVisualStudioVersion = 10.0.40219.1
Project("{FAE04EC0-301F-11D3-BF4B-00C04F79EFBC}") = "rfcToNet", "rfcToNet\rfcToNet.csproj", "{8676CD6F-C316-4FDF-B5EF-B4EE0D1AC748}"
EndProject
Global
	GlobalSection(SolutionConfigurationPlatforms) = preSolution
		Debug|Any CPU = Debug|Any CPU
		Release|Any CPU = Release|Any CPU
	EndGlobalSection
	GlobalSection(ProjectConfigurationPlatforms) = postSolution
		{8676CD6F-C316-4FDF-B5EF-B4EE0D1AC748}.Debug|Any CPU.ActiveCfg = Debug|Any CPU
		{8676CD6F-C316-4FDF-B5EF-B4EE0D1AC748}.Debug|Any CPU.Build.0 = Debug|Any CPU
		{8676CD6F-C316-4FDF-B5EF-B4EE0D1AC748}.Release|Any CPU.ActiveCfg = Release|Any CPU
		{8676CD6F-C316-4FDF-B5EF-B4EE0D1AC748}.Release|Any CPU.Build.0 = Release|Any CPU
	EndGlobalSection
	GlobalSection(SolutionProperties) = preSolution
		HideSolutionNode = FALSE
	EndGlobalSection
	GlobalSection(ExtensibilityGlobals) = postSolution
		SolutionGuid = {59EA7A58-E028-4621-89FE-9ABA34290509}
	EndGlobalSection
EndGlobal
